
Microsoft Visual Studio Solution File, Format Version 12.00
# Visual Studio 15
VisualStudioVersion = 15.0.28307.572
MinimumVisualStudioVersion = 10.0.40219.1
Project("{FAE04EC0-301F-11D3-BF4B-00C04F79EFBC}") = "app.Android", "app\app.Android\app.Android.csproj", "{658E1887-45D3-41E9-8CA0-EDFEF7279C66}"
EndProject
Project("{FAE04EC0-301F-11D3-BF4B-00C04F79EFBC}") = "app.iOS", "app\app.iOS\app.iOS.csproj", "{55174E84-B9EB-425E-A2DF-863F0D6E2A28}"
EndProject
Project("{FAE04EC0-301F-11D3-BF4B-00C04F79EFBC}") = "app", "app\app\app.csproj", "{1E3855E5-1A88-4D72-8187-1943437B8E32}"
EndProject
Global
	GlobalSection(SolutionConfigurationPlatforms) = preSolution
		Ad-Hoc|Any CPU = Ad-Hoc|Any CPU
		Ad-Hoc|iPhone = Ad-Hoc|iPhone
		Ad-Hoc|iPhoneSimulator = Ad-Hoc|iPhoneSimulator
		AppStore|Any CPU = AppStore|Any CPU
		AppStore|iPhone = AppStore|iPhone
		AppStore|iPhoneSimulator = AppStore|iPhoneSimulator
		Debug|Any CPU = Debug|Any CPU
		Debug|iPhone = Debug|iPhone
		Debug|iPhoneSimulator = Debug|iPhoneSimulator
		Release|Any CPU = Release|Any CPU
		Release|iPhone = Release|iPhone
		Release|iPhoneSimulator = Release|iPhoneSimulator
	EndGlobalSection
	GlobalSection(ProjectConfigurationPlatforms) = postSolution
		{658E1887-45D3-41E9-8CA0-EDFEF7279C66}.Ad-Hoc|Any CPU.ActiveCfg = Release|Any CPU
		{658E1887-45D3-41E9-8CA0-EDFEF7279C66}.Ad-Hoc|Any CPU.Build.0 = Release|Any CPU
		{658E1887-45D3-41E9-8CA0-EDFEF7279C66}.Ad-Hoc|Any CPU.Deploy.0 = Release|Any CPU
		{658E1887-45D3-41E9-8CA0-EDFEF7279C66}.Ad-Hoc|iPhone.ActiveCfg = Release|Any CPU
		{658E1887-45D3-41E9-8CA0-EDFEF7279C66}.Ad-Hoc|iPhone.Build.0 = Release|Any CPU
		{658E1887-45D3-41E9-8CA0-EDFEF7279C66}.Ad-Hoc|iPhone.Deploy.0 = Release|Any CPU
		{658E1887-45D3-41E9-8CA0-EDFEF7279C66}.Ad-Hoc|iPhoneSimulator.ActiveCfg = Release|Any CPU
		{658E1887-45D3-41E9-8CA0-EDFEF7279C66}.Ad-Hoc|iPhoneSimulator.Build.0 = Release|Any CPU
		{658E1887-45D3-41E9-8CA0-EDFEF7279C66}.Ad-Hoc|iPhoneSimulator.Deploy.0 = Release|Any CPU
		{658E1887-45D3-41E9-8CA0-EDFEF7279C66}.AppStore|Any CPU.ActiveCfg = Release|Any CPU
		{658E1887-45D3-41E9-8CA0-EDFEF7279C66}.AppStore|Any CPU.Build.0 = Release|Any CPU
		{658E1887-45D3-41E9-8CA0-EDFEF7279C66}.AppStore|Any CPU.Deploy.0 = Release|Any CPU
		{658E1887-45D3-41E9-8CA0-EDFEF7279C66}.AppStore|iPhone.ActiveCfg = Release|Any CPU
		{658E1887-45D3-41E9-8CA0-EDFEF7279C66}.AppStore|iPhone.Build.0 = Release|Any CPU
		{658E1887-45D3-41E9-8CA0-EDFEF7279C66}.AppStore|iPhone.Deploy.0 = Release|Any CPU
		{658E1887-45D3-41E9-8CA0-EDFEF7279C66}.AppStore|iPhoneSimulator.ActiveCfg = Release|Any CPU
		{658E1887-45D3-41E9-8CA0-EDFEF7279C66}.AppStore|iPhoneSimulator.Build.0 = Release|Any CPU
		{658E1887-45D3-41E9-8CA0-EDFEF7279C66}.AppStore|iPhoneSimulator.Deploy.0 = Release|Any CPU
		{658E1887-45D3-41E9-8CA0-EDFEF7279C66}.Debug|Any CPU.ActiveCfg = Debug|Any CPU
		{658E1887-45D3-41E9-8CA0-EDFEF7279C66}.Debug|Any CPU.Build.0 = Debug|Any CPU
		{658E1887-45D3-41E9-8CA0-EDFEF7279C66}.Debug|Any CPU.Deploy.0 = Debug|Any CPU
		{658E1887-45D3-41E9-8CA0-EDFEF7279C66}.Debug|iPhone.ActiveCfg = Debug|Any CPU
		{658E1887-45D3-41E9-8CA0-EDFEF7279C66}.Debug|iPhone.Build.0 = Debug|Any CPU
		{658E1887-45D3-41E9-8CA0-EDFEF7279C66}.Debug|iPhone.Deploy.0 = Debug|Any CPU
		{658E1887-45D3-41E9-8CA0-EDFEF7279C66}.Debug|iPhoneSimulator.ActiveCfg = Debug|Any CPU
		{658E1887-45D3-41E9-8CA0-EDFEF7279C66}.Debug|iPhoneSimulator.Build.0 = Debug|Any CPU
		{658E1887-45D3-41E9-8CA0-EDFEF7279C66}.Debug|iPhoneSimulator.Deploy.0 = Debug|Any CPU
		{658E1887-45D3-41E9-8CA0-EDFEF7279C66}.Release|Any CPU.ActiveCfg = Release|Any CPU
		{658E1887-45D3-41E9-8CA0-EDFEF7279C66}.Release|Any CPU.Build.0 = Release|Any CPU
		{658E1887-45D3-41E9-8CA0-EDFEF7279C66}.Release|Any CPU.Deploy.0 = Release|Any CPU
		{658E1887-45D3-41E9-8CA0-EDFEF7279C66}.Release|iPhone.ActiveCfg = Release|Any CPU
		{658E1887-45D3-41E9-8CA0-EDFEF7279C66}.Release|iPhone.Build.0 = Release|Any CPU
		{658E1887-45D3-41E9-8CA0-EDFEF7279C66}.Release|iPhone.Deploy.0 = Release|Any CPU
		{658E1887-45D3-41E9-8CA0-EDFEF7279C66}.Release|iPhoneSimulator.ActiveCfg = Release|Any CPU
		{658E1887-45D3-41E9-8CA0-EDFEF7279C66}.Release|iPhoneSimulator.Build.0 = Release|Any CPU
		{658E1887-45D3-41E9-8CA0-EDFEF7279C66}.Release|iPhoneSimulator.Deploy.0 = Release|Any CPU
		{55174E84-B9EB-425E-A2DF-863F0D6E2A28}.Ad-Hoc|Any CPU.ActiveCfg = Ad-Hoc|iPhone
		{55174E84-B9EB-425E-A2DF-863F0D6E2A28}.Ad-Hoc|Any CPU.Build.0 = Ad-Hoc|iPhone
		{55174E84-B9EB-425E-A2DF-863F0D6E2A28}.Ad-Hoc|Any CPU.Deploy.0 = Ad-Hoc|iPhone
		{55174E84-B9EB-425E-A2DF-863F0D6E2A28}.Ad-Hoc|iPhone.ActiveCfg = Ad-Hoc|iPhone
		{55174E84-B9EB-425E-A2DF-863F0D6E2A28}.Ad-Hoc|iPhone.Build.0 = Ad-Hoc|iPhone
		{55174E84-B9EB-425E-A2DF-863F0D6E2A28}.Ad-Hoc|iPhone.Deploy.0 = Ad-Hoc|iPhone
		{55174E84-B9EB-425E-A2DF-863F0D6E2A28}.Ad-Hoc|iPhoneSimulator.ActiveCfg = Ad-Hoc|iPhoneSimulator
		{55174E84-B9EB-425E-A2DF-863F0D6E2A28}.Ad-Hoc|iPhoneSimulator.Build.0 = Ad-Hoc|iPhoneSimulator
		{55174E84-B9EB-425E-A2DF-863F0D6E2A28}.Ad-Hoc|iPhoneSimulator.Deploy.0 = Ad-Hoc|iPhoneSimulator
		{55174E84-B9EB-425E-A2DF-863F0D6E2A28}.AppStore|Any CPU.ActiveCfg = AppStore|iPhone
		{55174E84-B9EB-425E-A2DF-863F0D6E2A28}.AppStore|Any CPU.Build.0 = AppStore|iPhone
		{55174E84-B9EB-425E-A2DF-863F0D6E2A28}.AppStore|Any CPU.Deploy.0 = AppStore|iPhone
		{55174E84-B9EB-425E-A2DF-863F0D6E2A28}.AppStore|iPhone.ActiveCfg = AppStore|iPhone
		{55174E84-B9EB-425E-A2DF-863F0D6E2A28}.AppStore|iPhone.Build.0 = AppStore|iPhone
		{55174E84-B9EB-425E-A2DF-863F0D6E2A28}.AppStore|iPhone.Deploy.0 = AppStore|iPhone
		{55174E84-B9EB-425E-A2DF-863F0D6E2A28}.AppStore|iPhoneSimulator.ActiveCfg = AppStore|iPhoneSimulator
		{55174E84-B9EB-425E-A2DF-863F0D6E2A28}.AppStore|iPhoneSimulator.Build.0 = AppStore|iPhoneSimulator
		{55174E84-B9EB-425E-A2DF-863F0D6E2A28}.AppStore|iPhoneSimulator.Deploy.0 = AppStore|iPhoneSimulator
		{55174E84-B9EB-425E-A2DF-863F0D6E2A28}.Debug|Any CPU.ActiveCfg = Debug|iPhoneSimulator
		{55174E84-B9EB-425E-A2DF-863F0D6E2A28}.Debug|Any CPU.Build.0 = Debug|iPhoneSimulator
		{55174E84-B9EB-425E-A2DF-863F0D6E2A28}.Debug|Any CPU.Deploy.0 = Debug|iPhoneSimulator
		{55174E84-B9EB-425E-A2DF-863F0D6E2A28}.Debug|iPhone.ActiveCfg = Debug|iPhone
		{55174E84-B9EB-425E-A2DF-863F0D6E2A28}.Debug|iPhone.Build.0 = Debug|iPhone
		{55174E84-B9EB-425E-A2DF-863F0D6E2A28}.Debug|iPhone.Deploy.0 = Debug|iPhone
		{55174E84-B9EB-425E-A2DF-863F0D6E2A28}.Debug|iPhoneSimulator.ActiveCfg = Debug|iPhoneSimulator
		{55174E84-B9EB-425E-A2DF-863F0D6E2A28}.Debug|iPhoneSimulator.Build.0 = Debug|iPhoneSimulator
		{55174E84-B9EB-425E-A2DF-863F0D6E2A28}.Debug|iPhoneSimulator.Deploy.0 = Debug|iPhoneSimulator
		{55174E84-B9EB-425E-A2DF-863F0D6E2A28}.Release|Any CPU.ActiveCfg = Release|iPhone
		{55174E84-B9EB-425E-A2DF-863F0D6E2A28}.Release|Any CPU.Build.0 = Release|iPhone
		{55174E84-B9EB-425E-A2DF-863F0D6E2A28}.Release|Any CPU.Deploy.0 = Release|iPhone
		{55174E84-B9EB-425E-A2DF-863F0D6E2A28}.Release|iPhone.ActiveCfg = Release|iPhone
		{55174E84-B9EB-425E-A2DF-863F0D6E2A28}.Release|iPhone.Build.0 = Release|iPhone
		{55174E84-B9EB-425E-A2DF-863F0D6E2A28}.Release|iPhone.Deploy.0 = Release|iPhone
		{55174E84-B9EB-425E-A2DF-863F0D6E2A28}.Release|iPhoneSimulator.ActiveCfg = Release|iPhoneSimulator
		{55174E84-B9EB-425E-A2DF-863F0D6E2A28}.Release|iPhoneSimulator.Build.0 = Release|iPhoneSimulator
		{55174E84-B9EB-425E-A2DF-863F0D6E2A28}.Release|iPhoneSimulator.Deploy.0 = Release|iPhoneSimulator
		{1E3855E5-1A88-4D72-8187-1943437B8E32}.Ad-Hoc|Any CPU.ActiveCfg = Debug|Any CPU
		{1E3855E5-1A88-4D72-8187-1943437B8E32}.Ad-Hoc|Any CPU.Build.0 = Debug|Any CPU
		{1E3855E5-1A88-4D72-8187-1943437B8E32}.Ad-Hoc|Any CPU.Deploy.0 = Debug|Any CPU
		{1E3855E5-1A88-4D72-8187-1943437B8E32}.Ad-Hoc|iPhone.ActiveCfg = Debug|Any CPU
		{1E3855E5-1A88-4D72-8187-1943437B8E32}.Ad-Hoc|iPhone.Build.0 = Debug|Any CPU
		{1E3855E5-1A88-4D72-8187-1943437B8E32}.Ad-Hoc|iPhone.Deploy.0 = Debug|Any CPU
		{1E3855E5-1A88-4D72-8187-1943437B8E32}.Ad-Hoc|iPhoneSimulator.ActiveCfg = Debug|Any CPU
		{1E3855E5-1A88-4D72-8187-1943437B8E32}.Ad-Hoc|iPhoneSimulator.Build.0 = Debug|Any CPU
		{1E3855E5-1A88-4D72-8187-1943437B8E32}.Ad-Hoc|iPhoneSimulator.Deploy.0 = Debug|Any CPU
		{1E3855E5-1A88-4D72-8187-1943437B8E32}.AppStore|Any CPU.ActiveCfg = Debug|Any CPU
		{1E3855E5-1A88-4D72-8187-1943437B8E32}.AppStore|Any CPU.Build.0 = Debug|Any CPU
		{1E3855E5-1A88-4D72-8187-1943437B8E32}.AppStore|Any CPU.Deploy.0 = Debug|Any CPU
		{1E3855E5-1A88-4D72-8187-1943437B8E32}.AppStore|iPhone.ActiveCfg = Debug|Any CPU
		{1E3855E5-1A88-4D72-8187-1943437B8E32}.AppStore|iPhone.Build.0 = Debug|Any CPU
		{1E3855E5-1A88-4D72-8187-1943437B8E32}.AppStore|iPhone.Deploy.0 = Debug|Any CPU
		{1E3855E5-1A88-4D72-8187-1943437B8E32}.AppStore|iPhoneSimulator.ActiveCfg = Debug|Any CPU
		{1E3855E5-1A88-4D72-8187-1943437B8E32}.AppStore|iPhoneSimulator.Build.0 = Debug|Any CPU
		{1E3855E5-1A88-4D72-8187-1943437B8E32}.AppStore|iPhoneSimulator.Deploy.0 = Debug|Any CPU
		{1E3855E5-1A88-4D72-8187-1943437B8E32}.Debug|Any CPU.ActiveCfg = Debug|Any CPU
		{1E3855E5-1A88-4D72-8187-1943437B8E32}.Debug|Any CPU.Build.0 = Debug|Any CPU
		{1E3855E5-1A88-4D72-8187-1943437B8E32}.Debug|Any CPU.Deploy.0 = Debug|Any CPU
		{1E3855E5-1A88-4D72-8187-1943437B8E32}.Debug|iPhone.ActiveCfg = Debug|Any CPU
		{1E3855E5-1A88-4D72-8187-1943437B8E32}.Debug|iPhone.Build.0 = Debug|Any CPU
		{1E3855E5-1A88-4D72-8187-1943437B8E32}.Debug|iPhone.Deploy.0 = Debug|Any CPU
		{1E3855E5-1A88-4D72-8187-1943437B8E32}.Debug|iPhoneSimulator.ActiveCfg = Debug|Any CPU
		{1E3855E5-1A88-4D72-8187-1943437B8E32}.Debug|iPhoneSimulator.Build.0 = Debug|Any CPU
		{1E3855E5-1A88-4D72-8187-1943437B8E32}.Debug|iPhoneSimulator.Deploy.0 = Debug|Any CPU
		{1E3855E5-1A88-4D72-8187-1943437B8E32}.Release|Any CPU.ActiveCfg = Release|Any CPU
		{1E3855E5-1A88-4D72-8187-1943437B8E32}.Release|Any CPU.Build.0 = Release|Any CPU
		{1E3855E5-1A88-4D72-8187-1943437B8E32}.Release|Any CPU.Deploy.0 = Release|Any CPU
		{1E3855E5-1A88-4D72-8187-1943437B8E32}.Release|iPhone.ActiveCfg = Release|Any CPU
		{1E3855E5-1A88-4D72-8187-1943437B8E32}.Release|iPhone.Build.0 = Release|Any CPU
		{1E3855E5-1A88-4D72-8187-1943437B8E32}.Release|iPhone.Deploy.0 = Release|Any CPU
		{1E3855E5-1A88-4D72-8187-1943437B8E32}.Release|iPhoneSimulator.ActiveCfg = Release|Any CPU
		{1E3855E5-1A88-4D72-8187-1943437B8E32}.Release|iPhoneSimulator.Build.0 = Release|Any CPU
		{1E3855E5-1A88-4D72-8187-1943437B8E32}.Release|iPhoneSimulator.Deploy.0 = Release|Any CPU
	EndGlobalSection
	GlobalSection(SolutionProperties) = preSolution
		HideSolutionNode = FALSE
	EndGlobalSection
	GlobalSection(ExtensibilityGlobals) = postSolution
		SolutionGuid = {3523FC68-3D3F-4F54-9F06-4FB3D7D90D0E}
	EndGlobalSection
EndGlobal
